<?xml version="1.0" encoding="utf-8"?>
<Project ToolsVersion="16.0" xmlns="http://schemas.microsoft.com/developer/msbuild/2003">
  <ItemGroup>
    <ClCompile Include="C:\NerdThings\GraphicsCourse\canvas-drawer\src\Image.cpp">
      <Filter>src</Filter>
    </ClCompile>
    <ClCompile Include="C:\NerdThings\GraphicsCourse\canvas-drawer\src\Log.cpp">
      <Filter>src</Filter>
    </ClCompile>
    <ClCompile Include="C:\NerdThings\GraphicsCourse\canvas-drawer\src\canvas.cpp">
      <Filter>src</Filter>
    </ClCompile>
    <ClCompile Include="C:\NerdThings\GraphicsCourse\canvas-drawer\src\draw_art.cpp">
      <Filter>src</Filter>
    </ClCompile>
    <ClCompile Include="C:\NerdThings\GraphicsCourse\canvas-drawer\src\image_math.cpp">
      <Filter>src</Filter>
    </ClCompile>
  </ItemGroup>
  <ItemGroup>
    <ClInclude Include="C:\NerdThings\GraphicsCourse\canvas-drawer\src\AGL.h">
      <Filter>src</Filter>
    </ClInclude>
    <ClInclude Include="C:\NerdThings\GraphicsCourse\canvas-drawer\src\Image.h">
      <Filter>src</Filter>
    </ClInclude>
    <ClInclude Include="C:\NerdThings\GraphicsCourse\canvas-drawer\src\Log.h">
      <Filter>src</Filter>
    </ClInclude>
    <ClInclude Include="C:\NerdThings\GraphicsCourse\canvas-drawer\src\canvas.h">
      <Filter>src</Filter>
    </ClInclude>
    <ClInclude Include="C:\NerdThings\GraphicsCourse\canvas-drawer\src\image_math.h">
      <Filter>src</Filter>
    </ClInclude>
  </ItemGroup>
  <ItemGroup>
    <CustomBuild Include="C:\NerdThings\GraphicsCourse\canvas-drawer\CMakeLists.txt" />
  </ItemGroup>
  <ItemGroup>
    <Filter Include="src">
      <UniqueIdentifier>{96A894DE-DF1C-3A16-BAAA-1434C4DE1AE3}</UniqueIdentifier>
    </Filter>
  </ItemGroup>
</Project>