<?xml version="1.0" encoding="utf-8"?>
<Project ToolsVersion="16.0" xmlns="http://schemas.microsoft.com/developer/msbuild/2003">
  <ItemGroup>
    <CustomBuild Include="C:\NerdThings\GraphicsCourse\canvas-drawer\CMakeFiles\7b5a646bf8b8db8e5e628cc6425dd056\generate.stamp.rule">
      <Filter>CMake Rules</Filter>
    </CustomBuild>
  </ItemGroup>
  <ItemGroup>
    <Filter Include="CMake Rules">
      <UniqueIdentifier>{FCC5EC80-2873-3442-83AD-FB6C56A28AE3}</UniqueIdentifier>
    </Filter>
  </ItemGroup>
</Project>
